
Microsoft Visual Studio Solution File, Format Version 12.00
# Visual Studio Version 17
VisualStudioVersion = 17.5.002.0
MinimumVisualStudioVersion = 10.0.40219.1
Project("{9A19103F-16F7-4668-BE54-9A1E7A4F7556}") = "Infernus.Backend", "Infernus.Backend\Infernus.Backend.csproj", "{4D397854-F57A-4076-B4A9-0A148FA9A5DE}"
EndProject
Global
	GlobalSection(SolutionConfigurationPlatforms) = preSolution
		Debug|Any CPU = Debug|Any CPU
		Release|Any CPU = Release|Any CPU
	EndGlobalSection
	GlobalSection(ProjectConfigurationPlatforms) = postSolution
		{4D397854-F57A-4076-B4A9-0A148FA9A5DE}.Debug|Any CPU.ActiveCfg = Debug|Any CPU
		{4D397854-F57A-4076-B4A9-0A148FA9A5DE}.Debug|Any CPU.Build.0 = Debug|Any CPU
		{4D397854-F57A-4076-B4A9-0A148FA9A5DE}.Release|Any CPU.ActiveCfg = Release|Any CPU
		{4D397854-F57A-4076-B4A9-0A148FA9A5DE}.Release|Any CPU.Build.0 = Release|Any CPU
	EndGlobalSection
	GlobalSection(SolutionProperties) = preSolution
		HideSolutionNode = FALSE
	EndGlobalSection
	GlobalSection(ExtensibilityGlobals) = postSolution
		SolutionGuid = {AA4DD0E8-8E2C-424B-8EDF-3364C888E6C1}
	EndGlobalSection
EndGlobal
